
Microsoft Visual Studio Solution File, Format Version 12.00
# Visual Studio Version 16
VisualStudioVersion = 16.0.29806.167
MinimumVisualStudioVersion = 10.0.40219.1
Project("{FAE04EC0-301F-11D3-BF4B-00C04F79EFBC}") = "OOPIntro", "OOPIntro\OOPIntro.csproj", "{5E4EE221-A727-43FE-A576-DE14F0497691}"
EndProject
Project("{FAE04EC0-301F-11D3-BF4B-00C04F79EFBC}") = "OOPIntro2", "OOPIntro2\OOPIntro2.csproj", "{BA68AC67-C834-4E0E-A76F-D9B85467FDC8}"
EndProject
Project("{FAE04EC0-301F-11D3-BF4B-00C04F79EFBC}") = "OOPIntro3", "OOPIntro3\OOPIntro3.csproj", "{A1253A03-69B5-4D91-AB3D-412E8401A6F9}"
EndProject
Project("{FAE04EC0-301F-11D3-BF4B-00C04F79EFBC}") = "OOPIntro4", "OOPIntro4\OOPIntro4.csproj", "{B59F8C8D-7D25-46E8-832E-46C955983F65}"
EndProject
Project("{FAE04EC0-301F-11D3-BF4B-00C04F79EFBC}") = "OOPUygulamaList", "OOPUygulamaList\OOPUygulamaList.csproj", "{516DC142-E9BE-42F2-82ED-AC48EFBFFAA9}"
EndProject
Project("{2150E333-8FDC-42A3-9474-1A3956D46DE8}") = "BilgeGame", "BilgeGame", "{0770CABF-694A-469B-B86E-8AD8F9DB3D19}"
EndProject
Project("{FAE04EC0-301F-11D3-BF4B-00C04F79EFBC}") = "BilgeGame.UI", "BilgeGame.UI\BilgeGame.UI.csproj", "{20A779FA-6A45-41EB-A20D-0822BDCDE343}"
EndProject
Project("{FAE04EC0-301F-11D3-BF4B-00C04F79EFBC}") = "BilgeGame.Data", "BilgeGame.Data\BilgeGame.Data.csproj", "{FE275E25-7F63-43AD-8DC1-ABE5A93D70EA}"
EndProject
Project("{FAE04EC0-301F-11D3-BF4B-00C04F79EFBC}") = "BilgeGame.Muhasebe", "BilgeGame.Muhasebe\BilgeGame.Muhasebe.csproj", "{BE46048A-50A6-4722-97DC-5F5F9212ABF1}"
EndProject
Project("{2150E333-8FDC-42A3-9474-1A3956D46DE8}") = "F1", "F1", "{6766E0DA-5E01-4145-88FE-19674FA086B0}"
EndProject
Project("{FAE04EC0-301F-11D3-BF4B-00C04F79EFBC}") = "F1App.UI", "F1App.UI\F1App.UI.csproj", "{7A0A86E1-D692-4FBE-A297-3D684FA0ACC9}"
EndProject
Project("{FAE04EC0-301F-11D3-BF4B-00C04F79EFBC}") = "F1App.Data", "F1App.Data\F1App.Data.csproj", "{7AD8AA86-D61E-46C7-B5DE-39AE5B1936C6}"
EndProject
Project("{FAE04EC0-301F-11D3-BF4B-00C04F79EFBC}") = "F1App.Business", "F1App.Business\F1App.Business.csproj", "{28B20D5A-88A0-44D9-8B83-703185645E78}"
EndProject
Global
	GlobalSection(SolutionConfigurationPlatforms) = preSolution
		Debug|Any CPU = Debug|Any CPU
		Release|Any CPU = Release|Any CPU
	EndGlobalSection
	GlobalSection(ProjectConfigurationPlatforms) = postSolution
		{5E4EE221-A727-43FE-A576-DE14F0497691}.Debug|Any CPU.ActiveCfg = Debug|Any CPU
		{5E4EE221-A727-43FE-A576-DE14F0497691}.Debug|Any CPU.Build.0 = Debug|Any CPU
		{5E4EE221-A727-43FE-A576-DE14F0497691}.Release|Any CPU.ActiveCfg = Release|Any CPU
		{5E4EE221-A727-43FE-A576-DE14F0497691}.Release|Any CPU.Build.0 = Release|Any CPU
		{BA68AC67-C834-4E0E-A76F-D9B85467FDC8}.Debug|Any CPU.ActiveCfg = Debug|Any CPU
		{BA68AC67-C834-4E0E-A76F-D9B85467FDC8}.Debug|Any CPU.Build.0 = Debug|Any CPU
		{BA68AC67-C834-4E0E-A76F-D9B85467FDC8}.Release|Any CPU.ActiveCfg = Release|Any CPU
		{BA68AC67-C834-4E0E-A76F-D9B85467FDC8}.Release|Any CPU.Build.0 = Release|Any CPU
		{A1253A03-69B5-4D91-AB3D-412E8401A6F9}.Debug|Any CPU.ActiveCfg = Debug|Any CPU
		{A1253A03-69B5-4D91-AB3D-412E8401A6F9}.Debug|Any CPU.Build.0 = Debug|Any CPU
		{A1253A03-69B5-4D91-AB3D-412E8401A6F9}.Release|Any CPU.ActiveCfg = Release|Any CPU
		{A1253A03-69B5-4D91-AB3D-412E8401A6F9}.Release|Any CPU.Build.0 = Release|Any CPU
		{B59F8C8D-7D25-46E8-832E-46C955983F65}.Debug|Any CPU.ActiveCfg = Debug|Any CPU
		{B59F8C8D-7D25-46E8-832E-46C955983F65}.Debug|Any CPU.Build.0 = Debug|Any CPU
		{B59F8C8D-7D25-46E8-832E-46C955983F65}.Release|Any CPU.ActiveCfg = Release|Any CPU
		{B59F8C8D-7D25-46E8-832E-46C955983F65}.Release|Any CPU.Build.0 = Release|Any CPU
		{516DC142-E9BE-42F2-82ED-AC48EFBFFAA9}.Debug|Any CPU.ActiveCfg = Debug|Any CPU
		{516DC142-E9BE-42F2-82ED-AC48EFBFFAA9}.Debug|Any CPU.Build.0 = Debug|Any CPU
		{516DC142-E9BE-42F2-82ED-AC48EFBFFAA9}.Release|Any CPU.ActiveCfg = Release|Any CPU
		{516DC142-E9BE-42F2-82ED-AC48EFBFFAA9}.Release|Any CPU.Build.0 = Release|Any CPU
		{20A779FA-6A45-41EB-A20D-0822BDCDE343}.Debug|Any CPU.ActiveCfg = Debug|Any CPU
		{20A779FA-6A45-41EB-A20D-0822BDCDE343}.Debug|Any CPU.Build.0 = Debug|Any CPU
		{20A779FA-6A45-41EB-A20D-0822BDCDE343}.Release|Any CPU.ActiveCfg = Release|Any CPU
		{20A779FA-6A45-41EB-A20D-0822BDCDE343}.Release|Any CPU.Build.0 = Release|Any CPU
		{FE275E25-7F63-43AD-8DC1-ABE5A93D70EA}.Debug|Any CPU.ActiveCfg = Debug|Any CPU
		{FE275E25-7F63-43AD-8DC1-ABE5A93D70EA}.Debug|Any CPU.Build.0 = Debug|Any CPU
		{FE275E25-7F63-43AD-8DC1-ABE5A93D70EA}.Release|Any CPU.ActiveCfg = Release|Any CPU
		{FE275E25-7F63-43AD-8DC1-ABE5A93D70EA}.Release|Any CPU.Build.0 = Release|Any CPU
		{BE46048A-50A6-4722-97DC-5F5F9212ABF1}.Debug|Any CPU.ActiveCfg = Debug|Any CPU
		{BE46048A-50A6-4722-97DC-5F5F9212ABF1}.Debug|Any CPU.Build.0 = Debug|Any CPU
		{BE46048A-50A6-4722-97DC-5F5F9212ABF1}.Release|Any CPU.ActiveCfg = Release|Any CPU
		{BE46048A-50A6-4722-97DC-5F5F9212ABF1}.Release|Any CPU.Build.0 = Release|Any CPU
		{7A0A86E1-D692-4FBE-A297-3D684FA0ACC9}.Debug|Any CPU.ActiveCfg = Debug|Any CPU
		{7A0A86E1-D692-4FBE-A297-3D684FA0ACC9}.Debug|Any CPU.Build.0 = Debug|Any CPU
		{7A0A86E1-D692-4FBE-A297-3D684FA0ACC9}.Release|Any CPU.ActiveCfg = Release|Any CPU
		{7A0A86E1-D692-4FBE-A297-3D684FA0ACC9}.Release|Any CPU.Build.0 = Release|Any CPU
		{7AD8AA86-D61E-46C7-B5DE-39AE5B1936C6}.Debug|Any CPU.ActiveCfg = Debug|Any CPU
		{7AD8AA86-D61E-46C7-B5DE-39AE5B1936C6}.Debug|Any CPU.Build.0 = Debug|Any CPU
		{7AD8AA86-D61E-46C7-B5DE-39AE5B1936C6}.Release|Any CPU.ActiveCfg = Release|Any CPU
		{7AD8AA86-D61E-46C7-B5DE-39AE5B1936C6}.Release|Any CPU.Build.0 = Release|Any CPU
		{28B20D5A-88A0-44D9-8B83-703185645E78}.Debug|Any CPU.ActiveCfg = Debug|Any CPU
		{28B20D5A-88A0-44D9-8B83-703185645E78}.Debug|Any CPU.Build.0 = Debug|Any CPU
		{28B20D5A-88A0-44D9-8B83-703185645E78}.Release|Any CPU.ActiveCfg = Release|Any CPU
		{28B20D5A-88A0-44D9-8B83-703185645E78}.Release|Any CPU.Build.0 = Release|Any CPU
	EndGlobalSection
	GlobalSection(SolutionProperties) = preSolution
		HideSolutionNode = FALSE
	EndGlobalSection
	GlobalSection(NestedProjects) = preSolution
		{20A779FA-6A45-41EB-A20D-0822BDCDE343} = {0770CABF-694A-469B-B86E-8AD8F9DB3D19}
		{FE275E25-7F63-43AD-8DC1-ABE5A93D70EA} = {0770CABF-694A-469B-B86E-8AD8F9DB3D19}
		{BE46048A-50A6-4722-97DC-5F5F9212ABF1} = {0770CABF-694A-469B-B86E-8AD8F9DB3D19}
		{7A0A86E1-D692-4FBE-A297-3D684FA0ACC9} = {6766E0DA-5E01-4145-88FE-19674FA086B0}
		{7AD8AA86-D61E-46C7-B5DE-39AE5B1936C6} = {6766E0DA-5E01-4145-88FE-19674FA086B0}
		{28B20D5A-88A0-44D9-8B83-703185645E78} = {6766E0DA-5E01-4145-88FE-19674FA086B0}
	EndGlobalSection
	GlobalSection(ExtensibilityGlobals) = postSolution
		SolutionGuid = {DC2135EE-2FD2-49F0-9622-74BDFDC968C4}
	EndGlobalSection
EndGlobal
